# THIS IS AN AUTOGENERATED FILE. DO NOT EDIT THIS FILE DIRECTLY.
# yarn lockfile v1


jquery@x.*:
  version "3.6.4"
  resolved "https://registry.yarnpkg.com/jquery/-/jquery-3.6.4.tgz#ba065c188142100be4833699852bf7c24dc0252f"
  integrity sha512-v28EW9DWDFpzcD9O5iyJXg3R3+q+mET5JhnjJzQUZMHOv67bpSIHq81GEYpPNZHG+XXHsfSme3nxp/hndKEcsQ==

semantic-ui-css@^2.5.0:
  version "2.5.0"
  resolved "https://registry.yarnpkg.com/semantic-ui-css/-/semantic-ui-css-2.5.0.tgz#b3b7b58b5ffbe6d6fb6549beded16e79a9aa64eb"
  integrity sha512-jIWn3WXXE2uSaWCcB+gVJVRG3masIKtTMNEP2X8Aw909H2rHpXGneYOxzO3hT8TpyvB5/dEEo9mBFCitGwoj1A==
  dependencies:
    jquery x.*

semantic-ui-dropdown@^2.5.0:
  version "2.5.0"
  resolved "https://registry.yarnpkg.com/semantic-ui-dropdown/-/semantic-ui-dropdown-2.5.0.tgz#aae4348598d803c88c8a0acc1a7ae68bc206071d"
  integrity sha512-uM6XB9nM+8d65eLyBr/wwefeXzn+wudz2i71lDxvzP9k0LQxJ/stQwMwtp06WHQkegYpgo+HP58Q6Sfsn4W7ZQ==

semantic-ui-modal@^2.5.0:
  version "2.5.0"
  resolved "https://registry.yarnpkg.com/semantic-ui-modal/-/semantic-ui-modal-2.5.0.tgz#7124009552d42e719885619ed070fea2023d3d57"
  integrity sha512-97ckcSAeRD5FfbHbpu2TvO+p4b4EJnfmQEDgOjv2gRq6HXvs7c1ihXcHVTcYCUN1j1LyhCxM/yZ8f3z4tNX+zA==

semantic-ui-transition@^2.5.0:
  version "2.5.0"
  resolved "https://registry.yarnpkg.com/semantic-ui-transition/-/semantic-ui-transition-2.5.0.tgz#a7d6e6cb70f95530fab7fb9a00e2a6834519868a"
  integrity sha512-LjOuiBmJIsxuPI9ZCanYBhDJZPUEZK+M4rSTKZNNDKeC+D3d8jLN7WZPVEEGrwWBAdHX7hXpmvQKvE5fvi3xYg==
